// !$*UTF8*$!
{
	archiveVersion = 1;
	classes = {
	};
	objectVersion = 46;
	objects = {

/* Begin PBXBuildFile section */
		C70D5E0218DE0AE800E7B749 /* Foundation.framework in Frameworks */ = {isa = PBXBuildFile; fileRef = C70D5E0118DE0AE800E7B749 /* Foundation.framework */; };
		C70D5E0418DE0AE800E7B749 /* CoreGraphics.framework in Frameworks */ = {isa = PBXBuildFile; fileRef = C70D5E0318DE0AE800E7B749 /* CoreGraphics.framework */; };
		C70D5E0618DE0AE800E7B749 /* UIKit.framework in Frameworks */ = {isa = PBXBuildFile; fileRef = C70D5E0518DE0AE800E7B749 /* UIKit.framework */; };
		C70D5E1B18DE0AE800E7B749 /* XCTest.framework in Frameworks */ = {isa = PBXBuildFile; fileRef = C70D5E1A18DE0AE800E7B749 /* XCTest.framework */; };
		C70D5E1C18DE0AE800E7B749 /* Foundation.framework in Frameworks */ = {isa = PBXBuildFile; fileRef = C70D5E0118DE0AE800E7B749 /* Foundation.framework */; };
		C70D5E1D18DE0AE800E7B749 /* UIKit.framework in Frameworks */ = {isa = PBXBuildFile; fileRef = C70D5E0518DE0AE800E7B749 /* UIKit.framework */; };
		C70D5E2518DE0AE900E7B749 /* InfoPlist.strings in Resources */ = {isa = PBXBuildFile; fileRef = C70D5E2318DE0AE900E7B749 /* InfoPlist.strings */; };
		C70D5E3418DE0B3A00E7B749 /* EFMappingTest.m in Sources */ = {isa = PBXBuildFile; fileRef = C70D5E3318DE0B3A00E7B749 /* EFMappingTest.m */; };
		C7E5453718EA668700B56C3E /* EFAppDelegate.m in Sources */ = {isa = PBXBuildFile; fileRef = C7E5452F18EA668700B56C3E /* EFAppDelegate.m */; };
		C7E5453918EA668700B56C3E /* InfoPlist.strings in Resources */ = {isa = PBXBuildFile; fileRef = C7E5453318EA668700B56C3E /* InfoPlist.strings */; };
		C7E5453A18EA668700B56C3E /* Images.xcassets in Resources */ = {isa = PBXBuildFile; fileRef = C7E5453518EA668700B56C3E /* Images.xcassets */; };
		C7E5453B18EA668700B56C3E /* main.m in Sources */ = {isa = PBXBuildFile; fileRef = C7E5453618EA668700B56C3E /* main.m */; };
		C7F7DA061907EBF5009E9974 /* EFMapper.m in Sources */ = {isa = PBXBuildFile; fileRef = C7F7DA051907EBF5009E9974 /* EFMapper.m */; };
		C7F7DA091907EBFE009E9974 /* EFMapping.m in Sources */ = {isa = PBXBuildFile; fileRef = C7F7DA081907EBFE009E9974 /* EFMapping.m */; };
		C7F7DA0C1907EC12009E9974 /* EFRequires.m in Sources */ = {isa = PBXBuildFile; fileRef = C7F7DA0B1907EC12009E9974 /* EFRequires.m */; };
		C7F7DA121907EDB1009E9974 /* EFMappingError.m in Sources */ = {isa = PBXBuildFile; fileRef = C7F7DA111907EDB1009E9974 /* EFMappingError.m */; };
		C7F7DA1319082120009E9974 /* EFMapper.m in Sources */ = {isa = PBXBuildFile; fileRef = C7F7DA051907EBF5009E9974 /* EFMapper.m */; };
		C7F7DA1419082126009E9974 /* EFMapping.m in Sources */ = {isa = PBXBuildFile; fileRef = C7F7DA081907EBFE009E9974 /* EFMapping.m */; };
		C7F7DA1519082126009E9974 /* EFMappingError.m in Sources */ = {isa = PBXBuildFile; fileRef = C7F7DA111907EDB1009E9974 /* EFMappingError.m */; };
		C7F7DA1619082126009E9974 /* EFRequires.m in Sources */ = {isa = PBXBuildFile; fileRef = C7F7DA0B1907EC12009E9974 /* EFRequires.m */; };
/* End PBXBuildFile section */

/* Begin PBXContainerItemProxy section */
		C70D5E1E18DE0AE800E7B749 /* PBXContainerItemProxy */ = {
			isa = PBXContainerItemProxy;
			containerPortal = C70D5DF618DE0AE800E7B749 /* Project object */;
			proxyType = 1;
			remoteGlobalIDString = C70D5DFD18DE0AE800E7B749;
			remoteInfo = EFMapping;
		};
/* End PBXContainerItemProxy section */

/* Begin PBXFileReference section */
		C70D5DFE18DE0AE800E7B749 /* EFDataMappingKit.app */ = {isa = PBXFileReference; explicitFileType = wrapper.application; includeInIndex = 0; path = EFDataMappingKit.app; sourceTree = BUILT_PRODUCTS_DIR; };
		C70D5E0118DE0AE800E7B749 /* Foundation.framework */ = {isa = PBXFileReference; lastKnownFileType = wrapper.framework; name = Foundation.framework; path = System/Library/Frameworks/Foundation.framework; sourceTree = SDKROOT; };
		C70D5E0318DE0AE800E7B749 /* CoreGraphics.framework */ = {isa = PBXFileReference; lastKnownFileType = wrapper.framework; name = CoreGraphics.framework; path = System/Library/Frameworks/CoreGraphics.framework; sourceTree = SDKROOT; };
		C70D5E0518DE0AE800E7B749 /* UIKit.framework */ = {isa = PBXFileReference; lastKnownFileType = wrapper.framework; name = UIKit.framework; path = System/Library/Frameworks/UIKit.framework; sourceTree = SDKROOT; };
		C70D5E1918DE0AE800E7B749 /* EFDataMappingKitTests.xctest */ = {isa = PBXFileReference; explicitFileType = wrapper.cfbundle; includeInIndex = 0; path = EFDataMappingKitTests.xctest; sourceTree = BUILT_PRODUCTS_DIR; };
		C70D5E1A18DE0AE800E7B749 /* XCTest.framework */ = {isa = PBXFileReference; lastKnownFileType = wrapper.framework; name = XCTest.framework; path = Library/Frameworks/XCTest.framework; sourceTree = DEVELOPER_DIR; };
		C70D5E2218DE0AE900E7B749 /* EFDataMappingKitTests-Info.plist */ = {isa = PBXFileReference; lastKnownFileType = text.plist.xml; path = "EFDataMappingKitTests-Info.plist"; sourceTree = "<group>"; };
		C70D5E2418DE0AE900E7B749 /* en */ = {isa = PBXFileReference; lastKnownFileType = text.plist.strings; name = en; path = en.lproj/InfoPlist.strings; sourceTree = "<group>"; };
		C70D5E3318DE0B3A00E7B749 /* EFMappingTest.m */ = {isa = PBXFileReference; fileEncoding = 4; lastKnownFileType = sourcecode.c.objc; path = EFMappingTest.m; sourceTree = "<group>"; };
		C7446A761921B4F700321349 /* AppledocSettings.plist */ = {isa = PBXFileReference; lastKnownFileType = text.plist.xml; path = AppledocSettings.plist; sourceTree = "<group>"; };
		C7446A771921B4F700321349 /* LICENSE */ = {isa = PBXFileReference; lastKnownFileType = text; path = LICENSE; sourceTree = "<group>"; };
		C7446A781921B4F700321349 /* README.md */ = {isa = PBXFileReference; lastKnownFileType = text; path = README.md; sourceTree = "<group>"; };
		C7446A791921BD0F00321349 /* EFMapper-Subclass.h */ = {isa = PBXFileReference; lastKnownFileType = sourcecode.c.h; path = "EFMapper-Subclass.h"; sourceTree = "<group>"; };
		C778B35918DF32EC00FFB5F2 /* EFDataMappingKit.podspec */ = {isa = PBXFileReference; lastKnownFileType = text; path = EFDataMappingKit.podspec; sourceTree = "<group>"; };
		C7E5452E18EA668700B56C3E /* EFAppDelegate.h */ = {isa = PBXFileReference; fileEncoding = 4; lastKnownFileType = sourcecode.c.h; path = EFAppDelegate.h; sourceTree = "<group>"; };
		C7E5452F18EA668700B56C3E /* EFAppDelegate.m */ = {isa = PBXFileReference; fileEncoding = 4; lastKnownFileType = sourcecode.c.objc; path = EFAppDelegate.m; sourceTree = "<group>"; };
		C7E5453018EA668700B56C3E /* EFDataMappingKit-Info.plist */ = {isa = PBXFileReference; fileEncoding = 4; lastKnownFileType = text.plist.xml; path = "EFDataMappingKit-Info.plist"; sourceTree = "<group>"; };
		C7E5453118EA668700B56C3E /* EFDataMappingKit-Prefix.pch */ = {isa = PBXFileReference; fileEncoding = 4; lastKnownFileType = sourcecode.c.h; path = "EFDataMappingKit-Prefix.pch"; sourceTree = "<group>"; };
		C7E5453418EA668700B56C3E /* en */ = {isa = PBXFileReference; lastKnownFileType = text.plist.strings; name = en; path = InfoPlist.strings; sourceTree = "<group>"; };
		C7E5453518EA668700B56C3E /* Images.xcassets */ = {isa = PBXFileReference; lastKnownFileType = folder.assetcatalog; path = Images.xcassets; sourceTree = "<group>"; };
		C7E5453618EA668700B56C3E /* main.m */ = {isa = PBXFileReference; fileEncoding = 4; lastKnownFileType = sourcecode.c.objc; path = main.m; sourceTree = "<group>"; };
		C7F7DA041907EBF5009E9974 /* EFMapper.h */ = {isa = PBXFileReference; fileEncoding = 4; lastKnownFileType = sourcecode.c.h; path = EFMapper.h; sourceTree = "<group>"; };
		C7F7DA051907EBF5009E9974 /* EFMapper.m */ = {isa = PBXFileReference; fileEncoding = 4; lastKnownFileType = sourcecode.c.objc; path = EFMapper.m; sourceTree = "<group>"; };
		C7F7DA071907EBFE009E9974 /* EFMapping.h */ = {isa = PBXFileReference; fileEncoding = 4; lastKnownFileType = sourcecode.c.h; path = EFMapping.h; sourceTree = "<group>"; };
		C7F7DA081907EBFE009E9974 /* EFMapping.m */ = {isa = PBXFileReference; fileEncoding = 4; lastKnownFileType = sourcecode.c.objc; path = EFMapping.m; sourceTree = "<group>"; };
		C7F7DA0A1907EC12009E9974 /* EFRequires.h */ = {isa = PBXFileReference; fileEncoding = 4; lastKnownFileType = sourcecode.c.h; path = EFRequires.h; sourceTree = "<group>"; };
		C7F7DA0B1907EC12009E9974 /* EFRequires.m */ = {isa = PBXFileReference; fileEncoding = 4; lastKnownFileType = sourcecode.c.objc; path = EFRequires.m; sourceTree = "<group>"; };
		C7F7DA0D1907EC2B009E9974 /* EFDataMappingKit.h */ = {isa = PBXFileReference; fileEncoding = 4; lastKnownFileType = sourcecode.c.h; path = EFDataMappingKit.h; sourceTree = "<group>"; };
		C7F7DA101907EDB1009E9974 /* EFMappingError.h */ = {isa = PBXFileReference; fileEncoding = 4; lastKnownFileType = sourcecode.c.h; path = EFMappingError.h; sourceTree = "<group>"; };
		C7F7DA111907EDB1009E9974 /* EFMappingError.m */ = {isa = PBXFileReference; fileEncoding = 4; lastKnownFileType = sourcecode.c.objc; path = EFMappingError.m; sourceTree = "<group>"; };
		C7F7DAAF190A1C2B009E9974 /* EFMapping-Private.h */ = {isa = PBXFileReference; lastKnownFileType = sourcecode.c.h; path = "EFMapping-Private.h"; sourceTree = "<group>"; };
/* End PBXFileReference section */

/* Begin PBXFrameworksBuildPhase section */
		C70D5DFB18DE0AE800E7B749 /* Frameworks */ = {
			isa = PBXFrameworksBuildPhase;
			buildActionMask = 2147483647;
			files = (
				C70D5E0418DE0AE800E7B749 /* CoreGraphics.framework in Frameworks */,
				C70D5E0618DE0AE800E7B749 /* UIKit.framework in Frameworks */,
				C70D5E0218DE0AE800E7B749 /* Foundation.framework in Frameworks */,
			);
			runOnlyForDeploymentPostprocessing = 0;
		};
		C70D5E1618DE0AE800E7B749 /* Frameworks */ = {
			isa = PBXFrameworksBuildPhase;
			buildActionMask = 2147483647;
			files = (
				C70D5E1B18DE0AE800E7B749 /* XCTest.framework in Frameworks */,
				C70D5E1D18DE0AE800E7B749 /* UIKit.framework in Frameworks */,
				C70D5E1C18DE0AE800E7B749 /* Foundation.framework in Frameworks */,
			);
			runOnlyForDeploymentPostprocessing = 0;
		};
/* End PBXFrameworksBuildPhase section */

/* Begin PBXGroup section */
		C70D5DF518DE0AE700E7B749 = {
			isa = PBXGroup;
			children = (
				C7446A761921B4F700321349 /* AppledocSettings.plist */,
				C7446A771921B4F700321349 /* LICENSE */,
				C7446A781921B4F700321349 /* README.md */,
				C778B35918DF32EC00FFB5F2 /* EFDataMappingKit.podspec */,
				C70D5E0718DE0AE800E7B749 /* EFMapping */,
				C70D5E2018DE0AE800E7B749 /* EFMappingTests */,
				C7E5452D18EA660D00B56C3E /* Test App */,
				C70D5E0018DE0AE800E7B749 /* Frameworks */,
				C70D5DFF18DE0AE800E7B749 /* Products */,
			);
			sourceTree = "<group>";
		};
		C70D5DFF18DE0AE800E7B749 /* Products */ = {
			isa = PBXGroup;
			children = (
				C70D5DFE18DE0AE800E7B749 /* EFDataMappingKit.app */,
				C70D5E1918DE0AE800E7B749 /* EFDataMappingKitTests.xctest */,
			);
			name = Products;
			sourceTree = "<group>";
		};
		C70D5E0018DE0AE800E7B749 /* Frameworks */ = {
			isa = PBXGroup;
			children = (
				C70D5E0118DE0AE800E7B749 /* Foundation.framework */,
				C70D5E0318DE0AE800E7B749 /* CoreGraphics.framework */,
				C70D5E0518DE0AE800E7B749 /* UIKit.framework */,
				C70D5E1A18DE0AE800E7B749 /* XCTest.framework */,
			);
			name = Frameworks;
			sourceTree = "<group>";
		};
		C70D5E0718DE0AE800E7B749 /* EFMapping */ = {
			isa = PBXGroup;
			children = (
				C7F7DA041907EBF5009E9974 /* EFMapper.h */,
				C7F7DA051907EBF5009E9974 /* EFMapper.m */,
				C7446A791921BD0F00321349 /* EFMapper-Subclass.h */,
				C7F7DA071907EBFE009E9974 /* EFMapping.h */,
				C7F7DAAF190A1C2B009E9974 /* EFMapping-Private.h */,
				C7F7DA081907EBFE009E9974 /* EFMapping.m */,
				C7F7DA101907EDB1009E9974 /* EFMappingError.h */,
				C7F7DA111907EDB1009E9974 /* EFMappingError.m */,
				C7F7DA0A1907EC12009E9974 /* EFRequires.h */,
				C7F7DA0B1907EC12009E9974 /* EFRequires.m */,
				C7F7DA0D1907EC2B009E9974 /* EFDataMappingKit.h */,
			);
			path = EFMapping;
			sourceTree = "<group>";
		};
		C70D5E2018DE0AE800E7B749 /* EFMappingTests */ = {
			isa = PBXGroup;
			children = (
				C70D5E3318DE0B3A00E7B749 /* EFMappingTest.m */,
				C70D5E2118DE0AE900E7B749 /* Supporting Files */,
			);
			path = EFMappingTests;
			sourceTree = "<group>";
		};
		C70D5E2118DE0AE900E7B749 /* Supporting Files */ = {
			isa = PBXGroup;
			children = (
				C70D5E2218DE0AE900E7B749 /* EFDataMappingKitTests-Info.plist */,
				C70D5E2318DE0AE900E7B749 /* InfoPlist.strings */,
			);
			name = "Supporting Files";
			sourceTree = "<group>";
		};
		C7E5452D18EA660D00B56C3E /* Test App */ = {
			isa = PBXGroup;
			children = (
				C7E5452E18EA668700B56C3E /* EFAppDelegate.h */,
				C7E5452F18EA668700B56C3E /* EFAppDelegate.m */,
				C7E5453C18EA66B600B56C3E /* Supporting Files */,
			);
			path = "Test App";
			sourceTree = "<group>";
		};
		C7E5453218EA668700B56C3E /* en.lproj */ = {
			isa = PBXGroup;
			children = (
				C7E5453318EA668700B56C3E /* InfoPlist.strings */,
			);
			path = en.lproj;
			sourceTree = "<group>";
		};
		C7E5453C18EA66B600B56C3E /* Supporting Files */ = {
			isa = PBXGroup;
			children = (
				C7E5453118EA668700B56C3E /* EFDataMappingKit-Prefix.pch */,
				C7E5453618EA668700B56C3E /* main.m */,
				C7E5453018EA668700B56C3E /* EFDataMappingKit-Info.plist */,
				C7E5453218EA668700B56C3E /* en.lproj */,
				C7E5453518EA668700B56C3E /* Images.xcassets */,
			);
			name = "Supporting Files";
			sourceTree = "<group>";
		};
/* End PBXGroup section */

/* Begin PBXNativeTarget section */
		C70D5DFD18DE0AE800E7B749 /* EFDataMappingKit */ = {
			isa = PBXNativeTarget;
			buildConfigurationList = C70D5E2A18DE0AE900E7B749 /* Build configuration list for PBXNativeTarget "EFDataMappingKit" */;
			buildPhases = (
				C70D5DFA18DE0AE800E7B749 /* Sources */,
				C70D5DFB18DE0AE800E7B749 /* Frameworks */,
				C70D5DFC18DE0AE800E7B749 /* Resources */,
			);
			buildRules = (
			);
			dependencies = (
			);
			name = EFDataMappingKit;
			productName = EFMapping;
			productReference = C70D5DFE18DE0AE800E7B749 /* EFDataMappingKit.app */;
			productType = "com.apple.product-type.application";
		};
		C70D5E1818DE0AE800E7B749 /* EFDataMappingKitTests */ = {
			isa = PBXNativeTarget;
			buildConfigurationList = C70D5E2D18DE0AE900E7B749 /* Build configuration list for PBXNativeTarget "EFDataMappingKitTests" */;
			buildPhases = (
				C70D5E1518DE0AE800E7B749 /* Sources */,
				C70D5E1618DE0AE800E7B749 /* Frameworks */,
				C70D5E1718DE0AE800E7B749 /* Resources */,
			);
			buildRules = (
			);
			dependencies = (
				C70D5E1F18DE0AE800E7B749 /* PBXTargetDependency */,
			);
			name = EFDataMappingKitTests;
			productName = EFMappingTests;
			productReference = C70D5E1918DE0AE800E7B749 /* EFDataMappingKitTests.xctest */;
			productType = "com.apple.product-type.bundle.unit-test";
		};
/* End PBXNativeTarget section */

/* Begin PBXProject section */
		C70D5DF618DE0AE800E7B749 /* Project object */ = {
			isa = PBXProject;
			attributes = {
				CLASSPREFIX = EF;
				LastUpgradeCheck = 0510;
				ORGANIZATIONNAME = Egeniq;
				TargetAttributes = {
					C70D5E1818DE0AE800E7B749 = {
						TestTargetID = C70D5DFD18DE0AE800E7B749;
					};
				};
			};
			buildConfigurationList = C70D5DF918DE0AE800E7B749 /* Build configuration list for PBXProject "EFDataMappingKit" */;
			compatibilityVersion = "Xcode 3.2";
			developmentRegion = English;
			hasScannedForEncodings = 0;
			knownRegions = (
				en,
			);
			mainGroup = C70D5DF518DE0AE700E7B749;
			productRefGroup = C70D5DFF18DE0AE800E7B749 /* Products */;
			projectDirPath = "";
			projectRoot = "";
			targets = (
				C70D5DFD18DE0AE800E7B749 /* EFDataMappingKit */,
				C70D5E1818DE0AE800E7B749 /* EFDataMappingKitTests */,
			);
		};
/* End PBXProject section */

/* Begin PBXResourcesBuildPhase section */
		C70D5DFC18DE0AE800E7B749 /* Resources */ = {
			isa = PBXResourcesBuildPhase;
			buildActionMask = 2147483647;
			files = (
				C7E5453A18EA668700B56C3E /* Images.xcassets in Resources */,
				C7E5453918EA668700B56C3E /* InfoPlist.strings in Resources */,
			);
			runOnlyForDeploymentPostprocessing = 0;
		};
		C70D5E1718DE0AE800E7B749 /* Resources */ = {
			isa = PBXResourcesBuildPhase;
			buildActionMask = 2147483647;
			files = (
				C70D5E2518DE0AE900E7B749 /* InfoPlist.strings in Resources */,
			);
			runOnlyForDeploymentPostprocessing = 0;
		};
/* End PBXResourcesBuildPhase section */

/* Begin PBXSourcesBuildPhase section */
		C70D5DFA18DE0AE800E7B749 /* Sources */ = {
			isa = PBXSourcesBuildPhase;
			buildActionMask = 2147483647;
			files = (
				C7F7DA121907EDB1009E9974 /* EFMappingError.m in Sources */,
				C7E5453B18EA668700B56C3E /* main.m in Sources */,
				C7F7DA061907EBF5009E9974 /* EFMapper.m in Sources */,
				C7F7DA0C1907EC12009E9974 /* EFRequires.m in Sources */,
				C7E5453718EA668700B56C3E /* EFAppDelegate.m in Sources */,
				C7F7DA091907EBFE009E9974 /* EFMapping.m in Sources */,
			);
			runOnlyForDeploymentPostprocessing = 0;
		};
		C70D5E1518DE0AE800E7B749 /* Sources */ = {
			isa = PBXSourcesBuildPhase;
			buildActionMask = 2147483647;
			files = (
				C7F7DA1519082126009E9974 /* EFMappingError.m in Sources */,
				C70D5E3418DE0B3A00E7B749 /* EFMappingTest.m in Sources */,
				C7F7DA1319082120009E9974 /* EFMapper.m in Sources */,
				C7F7DA1619082126009E9974 /* EFRequires.m in Sources */,
				C7F7DA1419082126009E9974 /* EFMapping.m in Sources */,
			);
			runOnlyForDeploymentPostprocessing = 0;
		};
/* End PBXSourcesBuildPhase section */

/* Begin PBXTargetDependency section */
		C70D5E1F18DE0AE800E7B749 /* PBXTargetDependency */ = {
			isa = PBXTargetDependency;
			target = C70D5DFD18DE0AE800E7B749 /* EFDataMappingKit */;
			targetProxy = C70D5E1E18DE0AE800E7B749 /* PBXContainerItemProxy */;
		};
/* End PBXTargetDependency section */

/* Begin PBXVariantGroup section */
		C70D5E2318DE0AE900E7B749 /* InfoPlist.strings */ = {
			isa = PBXVariantGroup;
			children = (
				C70D5E2418DE0AE900E7B749 /* en */,
			);
			name = InfoPlist.strings;
			sourceTree = "<group>";
		};
		C7E5453318EA668700B56C3E /* InfoPlist.strings */ = {
			isa = PBXVariantGroup;
			children = (
				C7E5453418EA668700B56C3E /* en */,
			);
			name = InfoPlist.strings;
			sourceTree = "<group>";
		};
/* End PBXVariantGroup section */

/* Begin XCBuildConfiguration section */
		C70D5E2818DE0AE900E7B749 /* Debug */ = {
			isa = XCBuildConfiguration;
			buildSettings = {
				ALWAYS_SEARCH_USER_PATHS = NO;
				CLANG_CXX_LANGUAGE_STANDARD = "gnu++0x";
				CLANG_CXX_LIBRARY = "libc++";
				CLANG_ENABLE_MODULES = YES;
				CLANG_ENABLE_OBJC_ARC = YES;
				CLANG_WARN_BOOL_CONVERSION = YES;
				CLANG_WARN_CONSTANT_CONVERSION = YES;
				CLANG_WARN_DIRECT_OBJC_ISA_USAGE = YES_ERROR;
				CLANG_WARN_EMPTY_BODY = YES;
				CLANG_WARN_ENUM_CONVERSION = YES;
				CLANG_WARN_INT_CONVERSION = YES;
				CLANG_WARN_OBJC_ROOT_CLASS = YES_ERROR;
				CLANG_WARN__DUPLICATE_METHOD_MATCH = YES;
				"CODE_SIGN_IDENTITY[sdk=iphoneos*]" = "iPhone Developer";
				COPY_PHASE_STRIP = NO;
				GCC_C_LANGUAGE_STANDARD = gnu99;
				GCC_DYNAMIC_NO_PIC = NO;
				GCC_OPTIMIZATION_LEVEL = 0;
				GCC_PREPROCESSOR_DEFINITIONS = (
					"DEBUG=1",
					"$(inherited)",
				);
				GCC_SYMBOLS_PRIVATE_EXTERN = NO;
				GCC_WARN_64_TO_32_BIT_CONVERSION = YES;
				GCC_WARN_ABOUT_RETURN_TYPE = YES_ERROR;
				GCC_WARN_UNDECLARED_SELECTOR = YES;
				GCC_WARN_UNINITIALIZED_AUTOS = YES_AGGRESSIVE;
				GCC_WARN_UNUSED_FUNCTION = YES;
				GCC_WARN_UNUSED_VARIABLE = YES;
				IPHONEOS_DEPLOYMENT_TARGET = 7.1;
				ONLY_ACTIVE_ARCH = YES;
				SDKROOT = iphoneos;
				TARGETED_DEVICE_FAMILY = "1,2";
			};
			name = Debug;
		};
		C70D5E2918DE0AE900E7B749 /* Release */ = {
			isa = XCBuildConfiguration;
			buildSettings = {
				ALWAYS_SEARCH_USER_PATHS = NO;
				CLANG_CXX_LANGUAGE_STANDARD = "gnu++0x";
				CLANG_CXX_LIBRARY = "libc++";
				CLANG_ENABLE_MODULES = YES;
				CLANG_ENABLE_OBJC_ARC = YES;
				CLANG_WARN_BOOL_CONVERSION = YES;
				CLANG_WARN_CONSTANT_CONVERSION = YES;
				CLANG_WARN_DIRECT_OBJC_ISA_USAGE = YES_ERROR;
				CLANG_WARN_EMPTY_BODY = YES;
				CLANG_WARN_ENUM_CONVERSION = YES;
				CLANG_WARN_INT_CONVERSION = YES;
				CLANG_WARN_OBJC_ROOT_CLASS = YES_ERROR;
				CLANG_WARN__DUPLICATE_METHOD_MATCH = YES;
				"CODE_SIGN_IDENTITY[sdk=iphoneos*]" = "iPhone Developer";
				COPY_PHASE_STRIP = YES;
				ENABLE_NS_ASSERTIONS = NO;
				GCC_C_LANGUAGE_STANDARD = gnu99;
				GCC_WARN_64_TO_32_BIT_CONVERSION = YES;
				GCC_WARN_ABOUT_RETURN_TYPE = YES_ERROR;
				GCC_WARN_UNDECLARED_SELECTOR = YES;
				GCC_WARN_UNINITIALIZED_AUTOS = YES_AGGRESSIVE;
				GCC_WARN_UNUSED_FUNCTION = YES;
				GCC_WARN_UNUSED_VARIABLE = YES;
				IPHONEOS_DEPLOYMENT_TARGET = 7.1;
				SDKROOT = iphoneos;
				TARGETED_DEVICE_FAMILY = "1,2";
				VALIDATE_PRODUCT = YES;
			};
			name = Release;
		};
		C70D5E2B18DE0AE900E7B749 /* Debug */ = {
			isa = XCBuildConfiguration;
			buildSettings = {
				ASSETCATALOG_COMPILER_APPICON_NAME = AppIcon;
				ASSETCATALOG_COMPILER_LAUNCHIMAGE_NAME = LaunchImage;
				GCC_PRECOMPILE_PREFIX_HEADER = YES;
				GCC_PREFIX_HEADER = "Test App/EFDataMappingKit-Prefix.pch";
				INFOPLIST_FILE = "Test App/EFDataMappingKit-Info.plist";
				PRODUCT_NAME = EFDataMappingKit;
				WRAPPER_EXTENSION = app;
			};
			name = Debug;
		};
		C70D5E2C18DE0AE900E7B749 /* Release */ = {
			isa = XCBuildConfiguration;
			buildSettings = {
				ASSETCATALOG_COMPILER_APPICON_NAME = AppIcon;
				ASSETCATALOG_COMPILER_LAUNCHIMAGE_NAME = LaunchImage;
				GCC_PRECOMPILE_PREFIX_HEADER = YES;
				GCC_PREFIX_HEADER = "Test App/EFDataMappingKit-Prefix.pch";
				INFOPLIST_FILE = "Test App/EFDataMappingKit-Info.plist";
				PRODUCT_NAME = EFDataMappingKit;
				WRAPPER_EXTENSION = app;
			};
			name = Release;
		};
		C70D5E2E18DE0AE900E7B749 /* Debug */ = {
			isa = XCBuildConfiguration;
			buildSettings = {
				BUNDLE_LOADER = "$(BUILT_PRODUCTS_DIR)/EFDataMappingKit.app/EFDataMappingKit";
				FRAMEWORK_SEARCH_PATHS = (
					"$(SDKROOT)/Developer/Library/Frameworks",
					"$(inherited)",
					"$(DEVELOPER_FRAMEWORKS_DIR)",
				);
				GCC_PRECOMPILE_PREFIX_HEADER = YES;
				GCC_PREFIX_HEADER = "Test App/EFDataMappingKit-Prefix.pch";
				GCC_PREPROCESSOR_DEFINITIONS = (
					"DEBUG=1",
					"$(inherited)",
				);
				INFOPLIST_FILE = "EFMappingTests/EFDataMappingKitTests-Info.plist";
				PRODUCT_NAME = EFDataMappingKitTests;
				TEST_HOST = "$(BUNDLE_LOADER)";
				WRAPPER_EXTENSION = xctest;
			};
			name = Debug;
		};
		C70D5E2F18DE0AE900E7B749 /* Release */ = {
			isa = XCBuildConfiguration;
			buildSettings = {
				BUNDLE_LOADER = "$(BUILT_PRODUCTS_DIR)/EFDataMappingKit.app/EFDataMappingKit";
				FRAMEWORK_SEARCH_PATHS = (
					"$(SDKROOT)/Developer/Library/Frameworks",
					"$(inherited)",
					"$(DEVELOPER_FRAMEWORKS_DIR)",
				);
				GCC_PRECOMPILE_PREFIX_HEADER = YES;
				GCC_PREFIX_HEADER = "Test App/EFDataMappingKit-Prefix.pch";
				INFOPLIST_FILE = "EFMappingTests/EFDataMappingKitTests-Info.plist";
				PRODUCT_NAME = EFDataMappingKitTests;
				TEST_HOST = "$(BUNDLE_LOADER)";
				WRAPPER_EXTENSION = xctest;
			};
			name = Release;
		};
/* End XCBuildConfiguration section */

/* Begin XCConfigurationList section */
		C70D5DF918DE0AE800E7B749 /* Build configuration list for PBXProject "EFDataMappingKit" */ = {
			isa = XCConfigurationList;
			buildConfigurations = (
				C70D5E2818DE0AE900E7B749 /* Debug */,
				C70D5E2918DE0AE900E7B749 /* Release */,
			);
			defaultConfigurationIsVisible = 0;
			defaultConfigurationName = Release;
		};
		C70D5E2A18DE0AE900E7B749 /* Build configuration list for PBXNativeTarget "EFDataMappingKit" */ = {
			isa = XCConfigurationList;
			buildConfigurations = (
				C70D5E2B18DE0AE900E7B749 /* Debug */,
				C70D5E2C18DE0AE900E7B749 /* Release */,
			);
			defaultConfigurationIsVisible = 0;
			defaultConfigurationName = Release;
		};
		C70D5E2D18DE0AE900E7B749 /* Build configuration list for PBXNativeTarget "EFDataMappingKitTests" */ = {
			isa = XCConfigurationList;
			buildConfigurations = (
				C70D5E2E18DE0AE900E7B749 /* Debug */,
				C70D5E2F18DE0AE900E7B749 /* Release */,
			);
			defaultConfigurationIsVisible = 0;
			defaultConfigurationName = Release;
		};
/* End XCConfigurationList section */
	};
	rootObject = C70D5DF618DE0AE800E7B749 /* Project object */;
}
